// !$*UTF8*$!
{
	archiveVersion = 1;
	classes = {
	};
	objectVersion = 50;
	objects = {

/* Begin PBXBuildFile section */
		B9ABA2CB241B721300F324F0 /* AppDelegate.swift in Sources */ = {isa = PBXBuildFile; fileRef = B9ABA2CA241B721300F324F0 /* AppDelegate.swift */; };
		B9ABA2CD241B721300F324F0 /* SceneDelegate.swift in Sources */ = {isa = PBXBuildFile; fileRef = B9ABA2CC241B721300F324F0 /* SceneDelegate.swift */; };
		B9ABA2CF241B721300F324F0 /* CameraViewController.swift in Sources */ = {isa = PBXBuildFile; fileRef = B9ABA2CE241B721300F324F0 /* CameraViewController.swift */; };
		B9ABA2D1241B721300F324F0 /* SecondViewController.swift in Sources */ = {isa = PBXBuildFile; fileRef = B9ABA2D0241B721300F324F0 /* SecondViewController.swift */; };
		B9ABA2D4241B721300F324F0 /* Main.storyboard in Resources */ = {isa = PBXBuildFile; fileRef = B9ABA2D2241B721300F324F0 /* Main.storyboard */; };
		B9ABA2D6241B721400F324F0 /* Assets.xcassets in Resources */ = {isa = PBXBuildFile; fileRef = B9ABA2D5241B721400F324F0 /* Assets.xcassets */; };
		B9ABA2D9241B721400F324F0 /* LaunchScreen.storyboard in Resources */ = {isa = PBXBuildFile; fileRef = B9ABA2D7241B721400F324F0 /* LaunchScreen.storyboard */; };
		B9C220662427CF9500EF7C58 /* ImageCollectionViewProvider.swift in Sources */ = {isa = PBXBuildFile; fileRef = B9C220652427CF9500EF7C58 /* ImageCollectionViewProvider.swift */; };
		B9C2206F2427D22F00EF7C58 /* ImageCollectionViewCell.swift in Sources */ = {isa = PBXBuildFile; fileRef = B9C2206D2427D22F00EF7C58 /* ImageCollectionViewCell.swift */; };
		B9C220702427D22F00EF7C58 /* ImageCollectionViewCell.xib in Resources */ = {isa = PBXBuildFile; fileRef = B9C2206E2427D22F00EF7C58 /* ImageCollectionViewCell.xib */; };
/* End PBXBuildFile section */

/* Begin PBXFileReference section */
		B9ABA2C7241B721300F324F0 /* PProject.app */ = {isa = PBXFileReference; explicitFileType = wrapper.application; includeInIndex = 0; path = PProject.app; sourceTree = BUILT_PRODUCTS_DIR; };
		B9ABA2CA241B721300F324F0 /* AppDelegate.swift */ = {isa = PBXFileReference; lastKnownFileType = sourcecode.swift; path = AppDelegate.swift; sourceTree = "<group>"; };
		B9ABA2CC241B721300F324F0 /* SceneDelegate.swift */ = {isa = PBXFileReference; lastKnownFileType = sourcecode.swift; path = SceneDelegate.swift; sourceTree = "<group>"; };
		B9ABA2CE241B721300F324F0 /* CameraViewController.swift */ = {isa = PBXFileReference; lastKnownFileType = sourcecode.swift; path = CameraViewController.swift; sourceTree = "<group>"; };
		B9ABA2D0241B721300F324F0 /* SecondViewController.swift */ = {isa = PBXFileReference; lastKnownFileType = sourcecode.swift; path = SecondViewController.swift; sourceTree = "<group>"; };
		B9ABA2D3241B721300F324F0 /* Base */ = {isa = PBXFileReference; lastKnownFileType = file.storyboard; name = Base; path = Base.lproj/Main.storyboard; sourceTree = "<group>"; };
		B9ABA2D5241B721400F324F0 /* Assets.xcassets */ = {isa = PBXFileReference; lastKnownFileType = folder.assetcatalog; path = Assets.xcassets; sourceTree = "<group>"; };
		B9ABA2D8241B721400F324F0 /* Base */ = {isa = PBXFileReference; lastKnownFileType = file.storyboard; name = Base; path = Base.lproj/LaunchScreen.storyboard; sourceTree = "<group>"; };
		B9ABA2DA241B721400F324F0 /* Info.plist */ = {isa = PBXFileReference; lastKnownFileType = text.plist.xml; path = Info.plist; sourceTree = "<group>"; };
		B9C220652427CF9500EF7C58 /* ImageCollectionViewProvider.swift */ = {isa = PBXFileReference; lastKnownFileType = sourcecode.swift; path = ImageCollectionViewProvider.swift; sourceTree = "<group>"; };
		B9C2206D2427D22F00EF7C58 /* ImageCollectionViewCell.swift */ = {isa = PBXFileReference; lastKnownFileType = sourcecode.swift; path = ImageCollectionViewCell.swift; sourceTree = "<group>"; };
		B9C2206E2427D22F00EF7C58 /* ImageCollectionViewCell.xib */ = {isa = PBXFileReference; lastKnownFileType = file.xib; path = ImageCollectionViewCell.xib; sourceTree = "<group>"; };
/* End PBXFileReference section */

/* Begin PBXFrameworksBuildPhase section */
		B9ABA2C4241B721300F324F0 /* Frameworks */ = {
			isa = PBXFrameworksBuildPhase;
			buildActionMask = 2147483647;
			files = (
			);
			runOnlyForDeploymentPostprocessing = 0;
		};
/* End PBXFrameworksBuildPhase section */

/* Begin PBXGroup section */
		B9ABA2BE241B721300F324F0 = {
			isa = PBXGroup;
			children = (
				B9ABA2C9241B721300F324F0 /* PProject */,
				B9ABA2C8241B721300F324F0 /* Products */,
			);
			sourceTree = "<group>";
		};
		B9ABA2C8241B721300F324F0 /* Products */ = {
			isa = PBXGroup;
			children = (
				B9ABA2C7241B721300F324F0 /* PProject.app */,
			);
			name = Products;
			sourceTree = "<group>";
		};
		B9ABA2C9241B721300F324F0 /* PProject */ = {
			isa = PBXGroup;
			children = (
				B9ABA2CA241B721300F324F0 /* AppDelegate.swift */,
				B9ABA2CC241B721300F324F0 /* SceneDelegate.swift */,
				B9ABA2CE241B721300F324F0 /* CameraViewController.swift */,
				B9ABA2D0241B721300F324F0 /* SecondViewController.swift */,
				B9C220652427CF9500EF7C58 /* ImageCollectionViewProvider.swift */,
				B9C2206D2427D22F00EF7C58 /* ImageCollectionViewCell.swift */,
				B9C2206E2427D22F00EF7C58 /* ImageCollectionViewCell.xib */,
				B9ABA2D2241B721300F324F0 /* Main.storyboard */,
				B9ABA2D5241B721400F324F0 /* Assets.xcassets */,
				B9ABA2D7241B721400F324F0 /* LaunchScreen.storyboard */,
				B9ABA2DA241B721400F324F0 /* Info.plist */,
			);
			path = PProject;
			sourceTree = "<group>";
		};
/* End PBXGroup section */

/* Begin PBXNativeTarget section */
		B9ABA2C6241B721300F324F0 /* PProject */ = {
			isa = PBXNativeTarget;
			buildConfigurationList = B9ABA2DD241B721400F324F0 /* Build configuration list for PBXNativeTarget "PProject" */;
			buildPhases = (
				B9ABA2C3241B721300F324F0 /* Sources */,
				B9ABA2C4241B721300F324F0 /* Frameworks */,
				B9ABA2C5241B721300F324F0 /* Resources */,
			);
			buildRules = (
			);
			dependencies = (
			);
			name = PProject;
			productName = PProject;
			productReference = B9ABA2C7241B721300F324F0 /* PProject.app */;
			productType = "com.apple.product-type.application";
		};
/* End PBXNativeTarget section */

/* Begin PBXProject section */
		B9ABA2BF241B721300F324F0 /* Project object */ = {
			isa = PBXProject;
			attributes = {
				LastSwiftUpdateCheck = 1130;
				LastUpgradeCheck = 1130;
				ORGANIZATIONNAME = "Julian Gierl";
				TargetAttributes = {
					B9ABA2C6241B721300F324F0 = {
						CreatedOnToolsVersion = 11.3.1;
					};
				};
			};
			buildConfigurationList = B9ABA2C2241B721300F324F0 /* Build configuration list for PBXProject "PProject" */;
			compatibilityVersion = "Xcode 9.3";
			developmentRegion = en;
			hasScannedForEncodings = 0;
			knownRegions = (
				en,
				Base,
			);
			mainGroup = B9ABA2BE241B721300F324F0;
			productRefGroup = B9ABA2C8241B721300F324F0 /* Products */;
			projectDirPath = "";
			projectRoot = "";
			targets = (
				B9ABA2C6241B721300F324F0 /* PProject */,
			);
		};
/* End PBXProject section */

/* Begin PBXResourcesBuildPhase section */
		B9ABA2C5241B721300F324F0 /* Resources */ = {
			isa = PBXResourcesBuildPhase;
			buildActionMask = 2147483647;
			files = (
				B9ABA2D9241B721400F324F0 /* LaunchScreen.storyboard in Resources */,
				B9ABA2D6241B721400F324F0 /* Assets.xcassets in Resources */,
				B9C220702427D22F00EF7C58 /* ImageCollectionViewCell.xib in Resources */,
				B9ABA2D4241B721300F324F0 /* Main.storyboard in Resources */,
			);
			runOnlyForDeploymentPostprocessing = 0;
		};
/* End PBXResourcesBuildPhase section */

/* Begin PBXSourcesBuildPhase section */
		B9ABA2C3241B721300F324F0 /* Sources */ = {
			isa = PBXSourcesBuildPhase;
			buildActionMask = 2147483647;
			files = (
				B9C2206F2427D22F00EF7C58 /* ImageCollectionViewCell.swift in Sources */,
				B9ABA2D1241B721300F324F0 /* SecondViewController.swift in Sources */,
				B9C220662427CF9500EF7C58 /* ImageCollectionViewProvider.swift in Sources */,
				B9ABA2CF241B721300F324F0 /* CameraViewController.swift in Sources */,
				B9ABA2CB241B721300F324F0 /* AppDelegate.swift in Sources */,
				B9ABA2CD241B721300F324F0 /* SceneDelegate.swift in Sources */,
			);
			runOnlyForDeploymentPostprocessing = 0;
		};
/* End PBXSourcesBuildPhase section */

/* Begin PBXVariantGroup section */
		B9ABA2D2241B721300F324F0 /* Main.storyboard */ = {
			isa = PBXVariantGroup;
			children = (
				B9ABA2D3241B721300F324F0 /* Base */,
			);
			name = Main.storyboard;
			sourceTree = "<group>";
		};
		B9ABA2D7241B721400F324F0 /* LaunchScreen.storyboard */ = {
			isa = PBXVariantGroup;
			children = (
				B9ABA2D8241B721400F324F0 /* Base */,
			);
			name = LaunchScreen.storyboard;
			sourceTree = "<group>";
		};
/* End PBXVariantGroup section */

/* Begin XCBuildConfiguration section */
		B9ABA2DB241B721400F324F0 /* Debug */ = {
			isa = XCBuildConfiguration;
			buildSettings = {
				ALWAYS_SEARCH_USER_PATHS = NO;
				CLANG_ANALYZER_NONNULL = YES;
				CLANG_ANALYZER_NUMBER_OBJECT_CONVERSION = YES_AGGRESSIVE;
				CLANG_CXX_LANGUAGE_STANDARD = "gnu++14";
				CLANG_CXX_LIBRARY = "libc++";
				CLANG_ENABLE_MODULES = YES;
				CLANG_ENABLE_OBJC_ARC = YES;
				CLANG_ENABLE_OBJC_WEAK = YES;
				CLANG_WARN_BLOCK_CAPTURE_AUTORELEASING = YES;
				CLANG_WARN_BOOL_CONVERSION = YES;
				CLANG_WARN_COMMA = YES;
				CLANG_WARN_CONSTANT_CONVERSION = YES;
				CLANG_WARN_DEPRECATED_OBJC_IMPLEMENTATIONS = YES;
				CLANG_WARN_DIRECT_OBJC_ISA_USAGE = YES_ERROR;
				CLANG_WARN_DOCUMENTATION_COMMENTS = YES;
				CLANG_WARN_EMPTY_BODY = YES;
				CLANG_WARN_ENUM_CONVERSION = YES;
				CLANG_WARN_INFINITE_RECURSION = YES;
				CLANG_WARN_INT_CONVERSION = YES;
				CLANG_WARN_NON_LITERAL_NULL_CONVERSION = YES;
				CLANG_WARN_OBJC_IMPLICIT_RETAIN_SELF = YES;
				CLANG_WARN_OBJC_LITERAL_CONVERSION = YES;
				CLANG_WARN_OBJC_ROOT_CLASS = YES_ERROR;
				CLANG_WARN_RANGE_LOOP_ANALYSIS = YES;
				CLANG_WARN_STRICT_PROTOTYPES = YES;
				CLANG_WARN_SUSPICIOUS_MOVE = YES;
				CLANG_WARN_UNGUARDED_AVAILABILITY = YES_AGGRESSIVE;
				CLANG_WARN_UNREACHABLE_CODE = YES;
				CLANG_WARN__DUPLICATE_METHOD_MATCH = YES;
				COPY_PHASE_STRIP = NO;
				DEBUG_INFORMATION_FORMAT = dwarf;
				ENABLE_STRICT_OBJC_MSGSEND = YES;
				ENABLE_TESTABILITY = YES;
				GCC_C_LANGUAGE_STANDARD = gnu11;
				GCC_DYNAMIC_NO_PIC = NO;
				GCC_NO_COMMON_BLOCKS = YES;
				GCC_OPTIMIZATION_LEVEL = 0;
				GCC_PREPROCESSOR_DEFINITIONS = (
					"DEBUG=1",
					"$(inherited)",
				);
				GCC_WARN_64_TO_32_BIT_CONVERSION = YES;
				GCC_WARN_ABOUT_RETURN_TYPE = YES_ERROR;
				GCC_WARN_UNDECLARED_SELECTOR = YES;
				GCC_WARN_UNINITIALIZED_AUTOS = YES_AGGRESSIVE;
				GCC_WARN_UNUSED_FUNCTION = YES;
				GCC_WARN_UNUSED_VARIABLE = YES;
				IPHONEOS_DEPLOYMENT_TARGET = 13.2;
				MTL_ENABLE_DEBUG_INFO = INCLUDE_SOURCE;
				MTL_FAST_MATH = YES;
				ONLY_ACTIVE_ARCH = YES;
				SDKROOT = iphoneos;
				SWIFT_ACTIVE_COMPILATION_CONDITIONS = DEBUG;
				SWIFT_OPTIMIZATION_LEVEL = "-Onone";
			};
			name = Debug;
		};
		B9ABA2DC241B721400F324F0 /* Release */ = {
			isa = XCBuildConfiguration;
			buildSettings = {
				ALWAYS_SEARCH_USER_PATHS = NO;
				CLANG_ANALYZER_NONNULL = YES;
				CLANG_ANALYZER_NUMBER_OBJECT_CONVERSION = YES_AGGRESSIVE;
				CLANG_CXX_LANGUAGE_STANDARD = "gnu++14";
				CLANG_CXX_LIBRARY = "libc++";
				CLANG_ENABLE_MODULES = YES;
				CLANG_ENABLE_OBJC_ARC = YES;
				CLANG_ENABLE_OBJC_WEAK = YES;
				CLANG_WARN_BLOCK_CAPTURE_AUTORELEASING = YES;
				CLANG_WARN_BOOL_CONVERSION = YES;
				CLANG_WARN_COMMA = YES;
				CLANG_WARN_CONSTANT_CONVERSION = YES;
				CLANG_WARN_DEPRECATED_OBJC_IMPLEMENTATIONS = YES;
				CLANG_WARN_DIRECT_OBJC_ISA_USAGE = YES_ERROR;
				CLANG_WARN_DOCUMENTATION_COMMENTS = YES;
				CLANG_WARN_EMPTY_BODY = YES;
				CLANG_WARN_ENUM_CONVERSION = YES;
				CLANG_WARN_INFINITE_RECURSION = YES;
				CLANG_WARN_INT_CONVERSION = YES;
				CLANG_WARN_NON_LITERAL_NULL_CONVERSION = YES;
				CLANG_WARN_OBJC_IMPLICIT_RETAIN_SELF = YES;
				CLANG_WARN_OBJC_LITERAL_CONVERSION = YES;
				CLANG_WARN_OBJC_ROOT_CLASS = YES_ERROR;
				CLANG_WARN_RANGE_LOOP_ANALYSIS = YES;
				CLANG_WARN_STRICT_PROTOTYPES = YES;
				CLANG_WARN_SUSPICIOUS_MOVE = YES;
				CLANG_WARN_UNGUARDED_AVAILABILITY = YES_AGGRESSIVE;
				CLANG_WARN_UNREACHABLE_CODE = YES;
				CLANG_WARN__DUPLICATE_METHOD_MATCH = YES;
				COPY_PHASE_STRIP = NO;
				DEBUG_INFORMATION_FORMAT = "dwarf-with-dsym";
				ENABLE_NS_ASSERTIONS = NO;
				ENABLE_STRICT_OBJC_MSGSEND = YES;
				GCC_C_LANGUAGE_STANDARD = gnu11;
				GCC_NO_COMMON_BLOCKS = YES;
				GCC_WARN_64_TO_32_BIT_CONVERSION = YES;
				GCC_WARN_ABOUT_RETURN_TYPE = YES_ERROR;
				GCC_WARN_UNDECLARED_SELECTOR = YES;
				GCC_WARN_UNINITIALIZED_AUTOS = YES_AGGRESSIVE;
				GCC_WARN_UNUSED_FUNCTION = YES;
				GCC_WARN_UNUSED_VARIABLE = YES;
				IPHONEOS_DEPLOYMENT_TARGET = 13.2;
				MTL_ENABLE_DEBUG_INFO = NO;
				MTL_FAST_MATH = YES;
				SDKROOT = iphoneos;
				SWIFT_COMPILATION_MODE = wholemodule;
				SWIFT_OPTIMIZATION_LEVEL = "-O";
				VALIDATE_PRODUCT = YES;
			};
			name = Release;
		};
		B9ABA2DE241B721400F324F0 /* Debug */ = {
			isa = XCBuildConfiguration;
			buildSettings = {
				ASSETCATALOG_COMPILER_APPICON_NAME = AppIcon;
				CODE_SIGN_STYLE = Automatic;
				DEVELOPMENT_TEAM = U8GHKMUY53;
				INFOPLIST_FILE = PProject/Info.plist;
				IPHONEOS_DEPLOYMENT_TARGET = 12.4;
				LD_RUNPATH_SEARCH_PATHS = (
					"$(inherited)",
					"@executable_path/Frameworks",
				);
				PRODUCT_BUNDLE_IDENTIFIER = com.gierljn.PProject;
				PRODUCT_NAME = "$(TARGET_NAME)";
				SWIFT_VERSION = 5.0;
				TARGETED_DEVICE_FAMILY = "1,2";
			};
			name = Debug;
		};
		B9ABA2DF241B721400F324F0 /* Release */ = {
			isa = XCBuildConfiguration;
			buildSettings = {
				ASSETCATALOG_COMPILER_APPICON_NAME = AppIcon;
				CODE_SIGN_STYLE = Automatic;
				DEVELOPMENT_TEAM = U8GHKMUY53;
				INFOPLIST_FILE = PProject/Info.plist;
				IPHONEOS_DEPLOYMENT_TARGET = 12.4;
				LD_RUNPATH_SEARCH_PATHS = (
					"$(inherited)",
					"@executable_path/Frameworks",
				);
				PRODUCT_BUNDLE_IDENTIFIER = com.gierljn.PProject;
				PRODUCT_NAME = "$(TARGET_NAME)";
				SWIFT_VERSION = 5.0;
				TARGETED_DEVICE_FAMILY = "1,2";
			};
			name = Release;
		};
/* End XCBuildConfiguration section */

/* Begin XCConfigurationList section */
		B9ABA2C2241B721300F324F0 /* Build configuration list for PBXProject "PProject" */ = {
			isa = XCConfigurationList;
			buildConfigurations = (
				B9ABA2DB241B721400F324F0 /* Debug */,
				B9ABA2DC241B721400F324F0 /* Release */,
			);
			defaultConfigurationIsVisible = 0;
			defaultConfigurationName = Release;
		};
		B9ABA2DD241B721400F324F0 /* Build configuration list for PBXNativeTarget "PProject" */ = {
			isa = XCConfigurationList;
			buildConfigurations = (
				B9ABA2DE241B721400F324F0 /* Debug */,
				B9ABA2DF241B721400F324F0 /* Release */,
			);
			defaultConfigurationIsVisible = 0;
			defaultConfigurationName = Release;
		};
/* End XCConfigurationList section */
	};
	rootObject = B9ABA2BF241B721300F324F0 /* Project object */;
}
